
Microsoft Visual Studio Solution File, Format Version 12.00
# Visual Studio 14
VisualStudioVersion = 14.0.25420.1
MinimumVisualStudioVersion = 10.0.40219.1
Project("{FAE04EC0-301F-11D3-BF4B-00C04F79EFBC}") = "piedraPapelTijera1", "piedraPapelTijera1\piedraPapelTijera1.csproj", "{A009C5EB-E8AE-4A27-8C21-ADD577A582ED}"
EndProject
Global
	GlobalSection(SolutionConfigurationPlatforms) = preSolution
		Debug|Any CPU = Debug|Any CPU
		Release|Any CPU = Release|Any CPU
	EndGlobalSection
	GlobalSection(ProjectConfigurationPlatforms) = postSolution
		{A009C5EB-E8AE-4A27-8C21-ADD577A582ED}.Debug|Any CPU.ActiveCfg = Debug|Any CPU
		{A009C5EB-E8AE-4A27-8C21-ADD577A582ED}.Debug|Any CPU.Build.0 = Debug|Any CPU
		{A009C5EB-E8AE-4A27-8C21-ADD577A582ED}.Release|Any CPU.ActiveCfg = Release|Any CPU
		{A009C5EB-E8AE-4A27-8C21-ADD577A582ED}.Release|Any CPU.Build.0 = Release|Any CPU
	EndGlobalSection
	GlobalSection(SolutionProperties) = preSolution
		HideSolutionNode = FALSE
	EndGlobalSection
EndGlobal
